
Microsoft Visual Studio Solution File, Format Version 12.00
# Visual Studio Version 16
VisualStudioVersion = 16.0.28407.52
MinimumVisualStudioVersion = 10.0.40219.1
Project("{FAE04EC0-301F-11D3-BF4B-00C04F79EFBC}") = "DioDocs.FastReportBuilder", "DioDocs.FastReportBuilder\DioDocs.FastReportBuilder.csproj", "{A0610E4D-6496-4C55-A0BD-EF0AA409EF59}"
EndProject
Global
	GlobalSection(SolutionConfigurationPlatforms) = preSolution
		Debug|Any CPU = Debug|Any CPU
		Release|Any CPU = Release|Any CPU
	EndGlobalSection
	GlobalSection(ProjectConfigurationPlatforms) = postSolution
		{A0610E4D-6496-4C55-A0BD-EF0AA409EF59}.Debug|Any CPU.ActiveCfg = Debug|Any CPU
		{A0610E4D-6496-4C55-A0BD-EF0AA409EF59}.Debug|Any CPU.Build.0 = Debug|Any CPU
		{A0610E4D-6496-4C55-A0BD-EF0AA409EF59}.Release|Any CPU.ActiveCfg = Release|Any CPU
		{A0610E4D-6496-4C55-A0BD-EF0AA409EF59}.Release|Any CPU.Build.0 = Release|Any CPU
	EndGlobalSection
	GlobalSection(SolutionProperties) = preSolution
		HideSolutionNode = FALSE
	EndGlobalSection
	GlobalSection(ExtensibilityGlobals) = postSolution
		SolutionGuid = {E4B6CC0C-C0B1-43BF-A55D-D980C82A985C}
	EndGlobalSection
EndGlobal
